
Microsoft Visual Studio Solution File, Format Version 12.00
# Visual Studio 15
Project("{FAE04EC0-301F-11D3-BF4B-00C04F79EFBC}") = "Assembly-CSharp", "Assembly-CSharp.csproj", "{9F980331-1CA8-F491-C986-3E66FCEA3333}"
EndProject
Project("{FAE04EC0-301F-11D3-BF4B-00C04F79EFBC}") = "Assembly-CSharp-Editor", "Assembly-CSharp-Editor.csproj", "{A425B047-91C8-91D5-4B96-BBF25194C5E8}"
EndProject
Global
	GlobalSection(SolutionConfigurationPlatforms) = preSolution
		Debug|Any CPU = Debug|Any CPU
		Release|Any CPU = Release|Any CPU
	EndGlobalSection
	GlobalSection(ProjectConfigurationPlatforms) = postSolution
		{9F980331-1CA8-F491-C986-3E66FCEA3333}.Debug|Any CPU.ActiveCfg = Debug|Any CPU
		{9F980331-1CA8-F491-C986-3E66FCEA3333}.Debug|Any CPU.Build.0 = Debug|Any CPU
		{9F980331-1CA8-F491-C986-3E66FCEA3333}.Release|Any CPU.ActiveCfg = Release|Any CPU
		{9F980331-1CA8-F491-C986-3E66FCEA3333}.Release|Any CPU.Build.0 = Release|Any CPU
		{A425B047-91C8-91D5-4B96-BBF25194C5E8}.Debug|Any CPU.ActiveCfg = Debug|Any CPU
		{A425B047-91C8-91D5-4B96-BBF25194C5E8}.Debug|Any CPU.Build.0 = Debug|Any CPU
		{A425B047-91C8-91D5-4B96-BBF25194C5E8}.Release|Any CPU.ActiveCfg = Release|Any CPU
		{A425B047-91C8-91D5-4B96-BBF25194C5E8}.Release|Any CPU.Build.0 = Release|Any CPU
	EndGlobalSection
	GlobalSection(SolutionProperties) = preSolution
		HideSolutionNode = FALSE
	EndGlobalSection
EndGlobal
